
Microsoft Visual Studio Solution File, Format Version 12.00
# Visual Studio 15
VisualStudioVersion = 15.0.28010.2016
MinimumVisualStudioVersion = 10.0.40219.1
Project("{FAE04EC0-301F-11D3-BF4B-00C04F79EFBC}") = "PgQuery", "PgQuery\PgQuery.csproj", "{A07A34A3-0E41-4343-9AAC-9BEDEAA27B9F}"
EndProject
Global
	GlobalSection(SolutionConfigurationPlatforms) = preSolution
		Debug|Any CPU = Debug|Any CPU
		Release|Any CPU = Release|Any CPU
	EndGlobalSection
	GlobalSection(ProjectConfigurationPlatforms) = postSolution
		{A07A34A3-0E41-4343-9AAC-9BEDEAA27B9F}.Debug|Any CPU.ActiveCfg = Debug|Any CPU
		{A07A34A3-0E41-4343-9AAC-9BEDEAA27B9F}.Debug|Any CPU.Build.0 = Debug|Any CPU
		{A07A34A3-0E41-4343-9AAC-9BEDEAA27B9F}.Release|Any CPU.ActiveCfg = Release|Any CPU
		{A07A34A3-0E41-4343-9AAC-9BEDEAA27B9F}.Release|Any CPU.Build.0 = Release|Any CPU
	EndGlobalSection
	GlobalSection(SolutionProperties) = preSolution
		HideSolutionNode = FALSE
	EndGlobalSection
	GlobalSection(ExtensibilityGlobals) = postSolution
		SolutionGuid = {4BFF8F75-05CD-4275-B577-3BF6942427C6}
	EndGlobalSection
EndGlobal
